# This file is automatically @generated by Cargo.
# It is not intended for manual editing.
version = 3

[[package]]
name = "ticatactoe_menace"
version = "1.0.0-alpha.5"

[[package]]
name = "ticatactoe_menace_c"
version = "1.0.0-alpha.5"

[[package]]
name = "ticatactoe_menace_player"
version = "1.0.0-alpha.5"
dependencies = [
 "ticatactoe_menace",
]

[[package]]
name = "ticatactoe_menace_s"
version = "1.0.0-alpha.5"

[[package]]
name = "tttm"
version = "1.0.0-alpha.5"
