# This file is automatically @generated by Cargo.
# It is not intended for manual editing.
version = 3

[[package]]
name = "menace_c"
version = "1.0.0-alpha.5"

[[package]]
name = "menace_s"
version = "1.0.0-alpha.5"

[[package]]
name = "player"
version = "1.0.0-alpha.5"

[[package]]
name = "ttt"
version = "1.0.0-alpha.5"

[[package]]
name = "tttm"
version = "1.0.0-alpha.5"
