# This file is automatically @generated by Cargo.
# It is not intended for manual editing.
version = 3

[[package]]
name = "lib_tictactoe_menace"
version = "1.0.0-alpha.5"

[[package]]
name = "tictactoe_menace_c"
version = "1.0.0-alpha.5"

[[package]]
name = "tictactoe_menace_player"
version = "1.0.0-alpha.5"
dependencies = [
 "lib_tictactoe_menace",
]

[[package]]
name = "tictactoe_menace_s"
version = "1.0.0-alpha.5"

[[package]]
name = "tttm"
version = "1.0.0-alpha.5"
